
Microsoft Visual Studio Solution File, Format Version 12.00
# Visual Studio Version 16
VisualStudioVersion = 16.0.31019.35
MinimumVisualStudioVersion = 10.0.40219.1
Project("{9A19103F-16F7-4668-BE54-9A1E7A4F7556}") = "Bot", "Bot\Bot.csproj", "{06E0438C-8ABF-47D5-8B23-A9FDD32CD590}"
EndProject
Global
	GlobalSection(SolutionConfigurationPlatforms) = preSolution
		Debug|Any CPU = Debug|Any CPU
		Release|Any CPU = Release|Any CPU
	EndGlobalSection
	GlobalSection(ProjectConfigurationPlatforms) = postSolution
		{06E0438C-8ABF-47D5-8B23-A9FDD32CD590}.Debug|Any CPU.ActiveCfg = Debug|Any CPU
		{06E0438C-8ABF-47D5-8B23-A9FDD32CD590}.Debug|Any CPU.Build.0 = Debug|Any CPU
		{06E0438C-8ABF-47D5-8B23-A9FDD32CD590}.Release|Any CPU.ActiveCfg = Release|Any CPU
		{06E0438C-8ABF-47D5-8B23-A9FDD32CD590}.Release|Any CPU.Build.0 = Release|Any CPU
	EndGlobalSection
	GlobalSection(SolutionProperties) = preSolution
		HideSolutionNode = FALSE
	EndGlobalSection
	GlobalSection(ExtensibilityGlobals) = postSolution
		SolutionGuid = {9F1893AE-2216-493C-9C50-E16E750CFA19}
	EndGlobalSection
EndGlobal
